
Microsoft Visual Studio Solution File, Format Version 12.00
# Visual Studio Version 16
VisualStudioVersion = 16.0.30907.101
MinimumVisualStudioVersion = 10.0.40219.1
Project("{FAE04EC0-301F-11D3-BF4B-00C04F79EFBC}") = "Advanced-C-Chapter1", "Advanced-C-Chapter1\Advanced-C-Chapter1.csproj", "{BCDC6BBA-256E-4314-ABF3-D502A7E0504F}"
EndProject
Global
	GlobalSection(SolutionConfigurationPlatforms) = preSolution
		Debug|Any CPU = Debug|Any CPU
		Release|Any CPU = Release|Any CPU
	EndGlobalSection
	GlobalSection(ProjectConfigurationPlatforms) = postSolution
		{BCDC6BBA-256E-4314-ABF3-D502A7E0504F}.Debug|Any CPU.ActiveCfg = Debug|Any CPU
		{BCDC6BBA-256E-4314-ABF3-D502A7E0504F}.Debug|Any CPU.Build.0 = Debug|Any CPU
		{BCDC6BBA-256E-4314-ABF3-D502A7E0504F}.Release|Any CPU.ActiveCfg = Release|Any CPU
		{BCDC6BBA-256E-4314-ABF3-D502A7E0504F}.Release|Any CPU.Build.0 = Release|Any CPU
	EndGlobalSection
	GlobalSection(SolutionProperties) = preSolution
		HideSolutionNode = FALSE
	EndGlobalSection
	GlobalSection(ExtensibilityGlobals) = postSolution
		SolutionGuid = {709A5CEF-7588-41A9-83BF-ED34F19D81F8}
	EndGlobalSection
EndGlobal
